
Microsoft Visual Studio Solution File, Format Version 12.00
# Visual Studio Version 17
VisualStudioVersion = 17.0.32126.317
MinimumVisualStudioVersion = 10.0.40219.1
Project("{FAE04EC0-301F-11D3-BF4B-00C04F79EFBC}") = "math evaluation parser", "math evaluation parser\math evaluation parser.csproj", "{C9B6CAD4-2719-49D7-AD2E-239C6768918B}"
EndProject
Global
	GlobalSection(SolutionConfigurationPlatforms) = preSolution
		Debug|Any CPU = Debug|Any CPU
		Release|Any CPU = Release|Any CPU
	EndGlobalSection
	GlobalSection(ProjectConfigurationPlatforms) = postSolution
		{C9B6CAD4-2719-49D7-AD2E-239C6768918B}.Debug|Any CPU.ActiveCfg = Debug|Any CPU
		{C9B6CAD4-2719-49D7-AD2E-239C6768918B}.Debug|Any CPU.Build.0 = Debug|Any CPU
		{C9B6CAD4-2719-49D7-AD2E-239C6768918B}.Release|Any CPU.ActiveCfg = Release|Any CPU
		{C9B6CAD4-2719-49D7-AD2E-239C6768918B}.Release|Any CPU.Build.0 = Release|Any CPU
	EndGlobalSection
	GlobalSection(SolutionProperties) = preSolution
		HideSolutionNode = FALSE
	EndGlobalSection
	GlobalSection(ExtensibilityGlobals) = postSolution
		SolutionGuid = {C0B118FC-EB3B-45F4-AFD7-0B1A3A9716F6}
	EndGlobalSection
EndGlobal
